
Microsoft Visual Studio Solution File, Format Version 12.00
# Visual Studio Version 17
VisualStudioVersion = 17.3.32901.215
MinimumVisualStudioVersion = 10.0.40219.1
Project("{FAE04EC0-301F-11D3-BF4B-00C04F79EFBC}") = "CSharpCIA", "CSharpCIA\CSharpCIA.csproj", "{D3937FF1-B493-436A-87B2-9001C80149B1}"
EndProject
Global
	GlobalSection(SolutionConfigurationPlatforms) = preSolution
		Debug|Any CPU = Debug|Any CPU
		Release|Any CPU = Release|Any CPU
	EndGlobalSection
	GlobalSection(ProjectConfigurationPlatforms) = postSolution
		{D3937FF1-B493-436A-87B2-9001C80149B1}.Debug|Any CPU.ActiveCfg = Debug|Any CPU
		{D3937FF1-B493-436A-87B2-9001C80149B1}.Debug|Any CPU.Build.0 = Debug|Any CPU
		{D3937FF1-B493-436A-87B2-9001C80149B1}.Release|Any CPU.ActiveCfg = Release|Any CPU
		{D3937FF1-B493-436A-87B2-9001C80149B1}.Release|Any CPU.Build.0 = Release|Any CPU
	EndGlobalSection
	GlobalSection(SolutionProperties) = preSolution
		HideSolutionNode = FALSE
	EndGlobalSection
	GlobalSection(ExtensibilityGlobals) = postSolution
		SolutionGuid = {6BB13916-530B-40B9-BB61-AEA9E7A24175}
	EndGlobalSection
EndGlobal
